
Microsoft Visual Studio Solution File, Format Version 12.00
# Visual Studio Version 16
VisualStudioVersion = 16.0.31129.286
MinimumVisualStudioVersion = 10.0.40219.1
Project("{FAE04EC0-301F-11D3-BF4B-00C04F79EFBC}") = "CSharp_Day2_Project", "CSharp_Day2_Project\CSharp_Day2_Project.csproj", "{557E4A66-E7C9-4DD7-9FD6-E5DB90224131}"
EndProject
Global
	GlobalSection(SolutionConfigurationPlatforms) = preSolution
		Debug|Any CPU = Debug|Any CPU
		Release|Any CPU = Release|Any CPU
	EndGlobalSection
	GlobalSection(ProjectConfigurationPlatforms) = postSolution
		{557E4A66-E7C9-4DD7-9FD6-E5DB90224131}.Debug|Any CPU.ActiveCfg = Debug|Any CPU
		{557E4A66-E7C9-4DD7-9FD6-E5DB90224131}.Debug|Any CPU.Build.0 = Debug|Any CPU
		{557E4A66-E7C9-4DD7-9FD6-E5DB90224131}.Release|Any CPU.ActiveCfg = Release|Any CPU
		{557E4A66-E7C9-4DD7-9FD6-E5DB90224131}.Release|Any CPU.Build.0 = Release|Any CPU
	EndGlobalSection
	GlobalSection(SolutionProperties) = preSolution
		HideSolutionNode = FALSE
	EndGlobalSection
	GlobalSection(ExtensibilityGlobals) = postSolution
		SolutionGuid = {73B22050-869C-4228-9E7D-FB78587442E2}
	EndGlobalSection
EndGlobal
