
Microsoft Visual Studio Solution File, Format Version 12.00
# Visual Studio Version 16
VisualStudioVersion = 16.0.31129.286
MinimumVisualStudioVersion = 10.0.40219.1
Project("{9A19103F-16F7-4668-BE54-9A1E7A4F7556}") = "CSharp_Day2_Project", "CSharp_Day2_Project\CSharp_Day2_Project.csproj", "{557E4A66-E7C9-4DD7-9FD6-E5DB90224131}"
EndProject
Project("{9A19103F-16F7-4668-BE54-9A1E7A4F7556}") = "DayThree_Project", "DayThree_Project\DayThree_Project.csproj", "{1CAFBF67-4101-48A6-AEBA-310C186EB784}"
EndProject
Project("{9A19103F-16F7-4668-BE54-9A1E7A4F7556}") = "CSharpDay3StudentLibrary", "CSharpDay3StudentLibrary\CSharpDay3StudentLibrary.csproj", "{A7EA9695-BE12-46D6-B5F0-13E27237DD48}"
EndProject
Project("{9A19103F-16F7-4668-BE54-9A1E7A4F7556}") = "CsharpDay3MarksLibrary", "CsharpDay3MarksLibrary\CsharpDay3MarksLibrary.csproj", "{46A61080-DCE9-4377-880E-677289CF04DA}"
EndProject
Project("{9A19103F-16F7-4668-BE54-9A1E7A4F7556}") = "CsharpDay3SportsLibrary", "CsharpDay3SportsLibrary\CsharpDay3SportsLibrary.csproj", "{83DEFFF9-94FE-4D37-83B1-0232206CB735}"
EndProject
Project("{9A19103F-16F7-4668-BE54-9A1E7A4F7556}") = "CSharp_Day3ResultLibrary", "CSharp_Day3ResultLibrary\CSharp_Day3ResultLibrary.csproj", "{56B5B3D4-952A-47A1-B367-06ABF175EFB6}"
EndProject
Project("{9A19103F-16F7-4668-BE54-9A1E7A4F7556}") = "CSharpDay4Project", "CSharpDay4Project\CSharpDay4Project.csproj", "{16802017-18BB-49D3-A4BB-1C96163F5C37}"
EndProject
Project("{9A19103F-16F7-4668-BE54-9A1E7A4F7556}") = "CSharpDay5Project", "CSharpDay4\CSharpDay5Project.csproj", "{3E54B801-4403-4306-9B53-930CC0024100}"
EndProject
Project("{FAE04EC0-301F-11D3-BF4B-00C04F79EFBC}") = "Csharp_Misc_Project", "Csharp_Misc_Project\Csharp_Misc_Project.csproj", "{D0953A40-8F53-4FB6-887B-87CA5D45C8C0}"
EndProject
Global
	GlobalSection(SolutionConfigurationPlatforms) = preSolution
		Debug|Any CPU = Debug|Any CPU
		Release|Any CPU = Release|Any CPU
	EndGlobalSection
	GlobalSection(ProjectConfigurationPlatforms) = postSolution
		{557E4A66-E7C9-4DD7-9FD6-E5DB90224131}.Debug|Any CPU.ActiveCfg = Debug|Any CPU
		{557E4A66-E7C9-4DD7-9FD6-E5DB90224131}.Debug|Any CPU.Build.0 = Debug|Any CPU
		{557E4A66-E7C9-4DD7-9FD6-E5DB90224131}.Release|Any CPU.ActiveCfg = Release|Any CPU
		{557E4A66-E7C9-4DD7-9FD6-E5DB90224131}.Release|Any CPU.Build.0 = Release|Any CPU
		{1CAFBF67-4101-48A6-AEBA-310C186EB784}.Debug|Any CPU.ActiveCfg = Debug|Any CPU
		{1CAFBF67-4101-48A6-AEBA-310C186EB784}.Debug|Any CPU.Build.0 = Debug|Any CPU
		{1CAFBF67-4101-48A6-AEBA-310C186EB784}.Release|Any CPU.ActiveCfg = Release|Any CPU
		{1CAFBF67-4101-48A6-AEBA-310C186EB784}.Release|Any CPU.Build.0 = Release|Any CPU
		{A7EA9695-BE12-46D6-B5F0-13E27237DD48}.Debug|Any CPU.ActiveCfg = Debug|Any CPU
		{A7EA9695-BE12-46D6-B5F0-13E27237DD48}.Debug|Any CPU.Build.0 = Debug|Any CPU
		{A7EA9695-BE12-46D6-B5F0-13E27237DD48}.Release|Any CPU.ActiveCfg = Release|Any CPU
		{A7EA9695-BE12-46D6-B5F0-13E27237DD48}.Release|Any CPU.Build.0 = Release|Any CPU
		{46A61080-DCE9-4377-880E-677289CF04DA}.Debug|Any CPU.ActiveCfg = Debug|Any CPU
		{46A61080-DCE9-4377-880E-677289CF04DA}.Debug|Any CPU.Build.0 = Debug|Any CPU
		{46A61080-DCE9-4377-880E-677289CF04DA}.Release|Any CPU.ActiveCfg = Release|Any CPU
		{46A61080-DCE9-4377-880E-677289CF04DA}.Release|Any CPU.Build.0 = Release|Any CPU
		{83DEFFF9-94FE-4D37-83B1-0232206CB735}.Debug|Any CPU.ActiveCfg = Debug|Any CPU
		{83DEFFF9-94FE-4D37-83B1-0232206CB735}.Debug|Any CPU.Build.0 = Debug|Any CPU
		{83DEFFF9-94FE-4D37-83B1-0232206CB735}.Release|Any CPU.ActiveCfg = Release|Any CPU
		{83DEFFF9-94FE-4D37-83B1-0232206CB735}.Release|Any CPU.Build.0 = Release|Any CPU
		{56B5B3D4-952A-47A1-B367-06ABF175EFB6}.Debug|Any CPU.ActiveCfg = Debug|Any CPU
		{56B5B3D4-952A-47A1-B367-06ABF175EFB6}.Debug|Any CPU.Build.0 = Debug|Any CPU
		{56B5B3D4-952A-47A1-B367-06ABF175EFB6}.Release|Any CPU.ActiveCfg = Release|Any CPU
		{56B5B3D4-952A-47A1-B367-06ABF175EFB6}.Release|Any CPU.Build.0 = Release|Any CPU
		{16802017-18BB-49D3-A4BB-1C96163F5C37}.Debug|Any CPU.ActiveCfg = Debug|Any CPU
		{16802017-18BB-49D3-A4BB-1C96163F5C37}.Debug|Any CPU.Build.0 = Debug|Any CPU
		{16802017-18BB-49D3-A4BB-1C96163F5C37}.Release|Any CPU.ActiveCfg = Release|Any CPU
		{16802017-18BB-49D3-A4BB-1C96163F5C37}.Release|Any CPU.Build.0 = Release|Any CPU
		{3E54B801-4403-4306-9B53-930CC0024100}.Debug|Any CPU.ActiveCfg = Debug|Any CPU
		{3E54B801-4403-4306-9B53-930CC0024100}.Debug|Any CPU.Build.0 = Debug|Any CPU
		{3E54B801-4403-4306-9B53-930CC0024100}.Release|Any CPU.ActiveCfg = Release|Any CPU
		{3E54B801-4403-4306-9B53-930CC0024100}.Release|Any CPU.Build.0 = Release|Any CPU
		{D0953A40-8F53-4FB6-887B-87CA5D45C8C0}.Debug|Any CPU.ActiveCfg = Debug|Any CPU
		{D0953A40-8F53-4FB6-887B-87CA5D45C8C0}.Debug|Any CPU.Build.0 = Debug|Any CPU
		{D0953A40-8F53-4FB6-887B-87CA5D45C8C0}.Release|Any CPU.ActiveCfg = Release|Any CPU
		{D0953A40-8F53-4FB6-887B-87CA5D45C8C0}.Release|Any CPU.Build.0 = Release|Any CPU
	EndGlobalSection
	GlobalSection(SolutionProperties) = preSolution
		HideSolutionNode = FALSE
	EndGlobalSection
	GlobalSection(ExtensibilityGlobals) = postSolution
		SolutionGuid = {73B22050-869C-4228-9E7D-FB78587442E2}
	EndGlobalSection
EndGlobal
