
Microsoft Visual Studio Solution File, Format Version 12.00
# Visual Studio Version 16
VisualStudioVersion = 16.0.31129.286
MinimumVisualStudioVersion = 10.0.40219.1
Project("{FAE04EC0-301F-11D3-BF4B-00C04F79EFBC}") = "WebFundamental", "WebFundamental\WebFundamental.csproj", "{1F49202C-8AAA-4663-B772-CF1B81D23CC5}"
EndProject
Global
	GlobalSection(SolutionConfigurationPlatforms) = preSolution
		Debug|Any CPU = Debug|Any CPU
		Release|Any CPU = Release|Any CPU
	EndGlobalSection
	GlobalSection(ProjectConfigurationPlatforms) = postSolution
		{1F49202C-8AAA-4663-B772-CF1B81D23CC5}.Debug|Any CPU.ActiveCfg = Debug|Any CPU
		{1F49202C-8AAA-4663-B772-CF1B81D23CC5}.Debug|Any CPU.Build.0 = Debug|Any CPU
		{1F49202C-8AAA-4663-B772-CF1B81D23CC5}.Release|Any CPU.ActiveCfg = Release|Any CPU
		{1F49202C-8AAA-4663-B772-CF1B81D23CC5}.Release|Any CPU.Build.0 = Release|Any CPU
	EndGlobalSection
	GlobalSection(SolutionProperties) = preSolution
		HideSolutionNode = FALSE
	EndGlobalSection
	GlobalSection(ExtensibilityGlobals) = postSolution
		SolutionGuid = {EC7BB5C2-EA9F-4E21-B124-C93837F7240A}
	EndGlobalSection
EndGlobal
